# THIS IS AN AUTOGENERATED FILE. DO NOT EDIT THIS FILE DIRECTLY.
# yarn lockfile v1


reading-time@^1.3.0:
  version "1.3.0"
  resolved "https://registry.yarnpkg.com/reading-time/-/reading-time-1.3.0.tgz#d13e74431589a4a9038669f24d5acbc08bbb015d"
  integrity sha512-RJ8J5O6UvrclfZpcPSPuKusrdRfoY7uXXoYOOdeswZNtSkQaewT3919yz6RyloDBR+iwcUyz5zGOUjhgvfuv3g==
